
Microsoft Visual Studio Solution File, Format Version 12.00
# Visual Studio Version 17
VisualStudioVersion = 17.13.35825.156
MinimumVisualStudioVersion = 10.0.40219.1
Project("{FAE04EC0-301F-11D3-BF4B-00C04F79EFBC}") = "MediBooking", "MediBooking\MediBooking.csproj", "{13A93039-D35A-4072-A15B-852D0120785B}"
EndProject
Global
	GlobalSection(SolutionConfigurationPlatforms) = preSolution
		Debug|Any CPU = Debug|Any CPU
		Release|Any CPU = Release|Any CPU
	EndGlobalSection
	GlobalSection(ProjectConfigurationPlatforms) = postSolution
		{13A93039-D35A-4072-A15B-852D0120785B}.Debug|Any CPU.ActiveCfg = Debug|Any CPU
		{13A93039-D35A-4072-A15B-852D0120785B}.Debug|Any CPU.Build.0 = Debug|Any CPU
		{13A93039-D35A-4072-A15B-852D0120785B}.Release|Any CPU.ActiveCfg = Release|Any CPU
		{13A93039-D35A-4072-A15B-852D0120785B}.Release|Any CPU.Build.0 = Release|Any CPU
	EndGlobalSection
	GlobalSection(SolutionProperties) = preSolution
		HideSolutionNode = FALSE
	EndGlobalSection
	GlobalSection(ExtensibilityGlobals) = postSolution
		SolutionGuid = {11204AED-126F-4456-87D9-C38B7CF022BB}
	EndGlobalSection
EndGlobal
